
Microsoft Visual Studio Solution File, Format Version 12.00
# Visual Studio Version 16
VisualStudioVersion = 16.0.31005.135
MinimumVisualStudioVersion = 10.0.40219.1
Project("{9A19103F-16F7-4668-BE54-9A1E7A4F7556}") = "Practice", "Practice\Practice.csproj", "{F89FD184-36B0-4C85-9255-285BE9702672}"
EndProject
Project("{9A19103F-16F7-4668-BE54-9A1E7A4F7556}") = "Palindrome", "Palindrome\Palindrome.csproj", "{80889A76-AD40-4EE0-9506-E268816CDE9A}"
EndProject
Global
	GlobalSection(SolutionConfigurationPlatforms) = preSolution
		Debug|Any CPU = Debug|Any CPU
		Release|Any CPU = Release|Any CPU
	EndGlobalSection
	GlobalSection(ProjectConfigurationPlatforms) = postSolution
		{F89FD184-36B0-4C85-9255-285BE9702672}.Debug|Any CPU.ActiveCfg = Debug|Any CPU
		{F89FD184-36B0-4C85-9255-285BE9702672}.Debug|Any CPU.Build.0 = Debug|Any CPU
		{F89FD184-36B0-4C85-9255-285BE9702672}.Release|Any CPU.ActiveCfg = Release|Any CPU
		{F89FD184-36B0-4C85-9255-285BE9702672}.Release|Any CPU.Build.0 = Release|Any CPU
		{80889A76-AD40-4EE0-9506-E268816CDE9A}.Debug|Any CPU.ActiveCfg = Debug|Any CPU
		{80889A76-AD40-4EE0-9506-E268816CDE9A}.Debug|Any CPU.Build.0 = Debug|Any CPU
		{80889A76-AD40-4EE0-9506-E268816CDE9A}.Release|Any CPU.ActiveCfg = Release|Any CPU
		{80889A76-AD40-4EE0-9506-E268816CDE9A}.Release|Any CPU.Build.0 = Release|Any CPU
	EndGlobalSection
	GlobalSection(SolutionProperties) = preSolution
		HideSolutionNode = FALSE
	EndGlobalSection
	GlobalSection(ExtensibilityGlobals) = postSolution
		SolutionGuid = {E66BBD36-6D8F-464F-A87F-63091084CFC7}
	EndGlobalSection
EndGlobal
